
Microsoft Visual Studio Solution File, Format Version 12.00
# Visual Studio 15
VisualStudioVersion = 15.0.27130.2026
MinimumVisualStudioVersion = 15.0.26124.0
Project("{9A19103F-16F7-4668-BE54-9A1E7A4F7556}") = "Immutable.ProjectModel", "Immutable.ProjectModel\Immutable.ProjectModel.csproj", "{6AB62FA6-AD48-454E-9603-BDD67B917F6A}"
EndProject
Project("{FAE04EC0-301F-11D3-BF4B-00C04F79EFBC}") = "Demo", "Demo\Demo.csproj", "{0FD26CB9-E4F7-4C12-A3D2-9BA30861346B}"
EndProject
Project("{9A19103F-16F7-4668-BE54-9A1E7A4F7556}") = "Immutable.ProjectModel.Tests", "Immutable.ProjectModel.Tests\Immutable.ProjectModel.Tests.csproj", "{8E62C81D-A42C-4BDC-BDA1-B0BAC2EE540C}"
EndProject
Project("{FAE04EC0-301F-11D3-BF4B-00C04F79EFBC}") = "TimephasedExperiments", "TimephasedExperiments\TimephasedExperiments.csproj", "{607E5DFC-4275-43AA-982C-00EE130B043C}"
EndProject
Global
	GlobalSection(SolutionConfigurationPlatforms) = preSolution
		Debug|Any CPU = Debug|Any CPU
		Debug|x64 = Debug|x64
		Debug|x86 = Debug|x86
		Release|Any CPU = Release|Any CPU
		Release|x64 = Release|x64
		Release|x86 = Release|x86
	EndGlobalSection
	GlobalSection(ProjectConfigurationPlatforms) = postSolution
		{6AB62FA6-AD48-454E-9603-BDD67B917F6A}.Debug|Any CPU.ActiveCfg = Debug|Any CPU
		{6AB62FA6-AD48-454E-9603-BDD67B917F6A}.Debug|Any CPU.Build.0 = Debug|Any CPU
		{6AB62FA6-AD48-454E-9603-BDD67B917F6A}.Debug|x64.ActiveCfg = Debug|Any CPU
		{6AB62FA6-AD48-454E-9603-BDD67B917F6A}.Debug|x64.Build.0 = Debug|Any CPU
		{6AB62FA6-AD48-454E-9603-BDD67B917F6A}.Debug|x86.ActiveCfg = Debug|Any CPU
		{6AB62FA6-AD48-454E-9603-BDD67B917F6A}.Debug|x86.Build.0 = Debug|Any CPU
		{6AB62FA6-AD48-454E-9603-BDD67B917F6A}.Release|Any CPU.ActiveCfg = Release|Any CPU
		{6AB62FA6-AD48-454E-9603-BDD67B917F6A}.Release|Any CPU.Build.0 = Release|Any CPU
		{6AB62FA6-AD48-454E-9603-BDD67B917F6A}.Release|x64.ActiveCfg = Release|Any CPU
		{6AB62FA6-AD48-454E-9603-BDD67B917F6A}.Release|x64.Build.0 = Release|Any CPU
		{6AB62FA6-AD48-454E-9603-BDD67B917F6A}.Release|x86.ActiveCfg = Release|Any CPU
		{6AB62FA6-AD48-454E-9603-BDD67B917F6A}.Release|x86.Build.0 = Release|Any CPU
		{0FD26CB9-E4F7-4C12-A3D2-9BA30861346B}.Debug|Any CPU.ActiveCfg = Debug|Any CPU
		{0FD26CB9-E4F7-4C12-A3D2-9BA30861346B}.Debug|Any CPU.Build.0 = Debug|Any CPU
		{0FD26CB9-E4F7-4C12-A3D2-9BA30861346B}.Debug|x64.ActiveCfg = Debug|Any CPU
		{0FD26CB9-E4F7-4C12-A3D2-9BA30861346B}.Debug|x64.Build.0 = Debug|Any CPU
		{0FD26CB9-E4F7-4C12-A3D2-9BA30861346B}.Debug|x86.ActiveCfg = Debug|Any CPU
		{0FD26CB9-E4F7-4C12-A3D2-9BA30861346B}.Debug|x86.Build.0 = Debug|Any CPU
		{0FD26CB9-E4F7-4C12-A3D2-9BA30861346B}.Release|Any CPU.ActiveCfg = Release|Any CPU
		{0FD26CB9-E4F7-4C12-A3D2-9BA30861346B}.Release|Any CPU.Build.0 = Release|Any CPU
		{0FD26CB9-E4F7-4C12-A3D2-9BA30861346B}.Release|x64.ActiveCfg = Release|Any CPU
		{0FD26CB9-E4F7-4C12-A3D2-9BA30861346B}.Release|x64.Build.0 = Release|Any CPU
		{0FD26CB9-E4F7-4C12-A3D2-9BA30861346B}.Release|x86.ActiveCfg = Release|Any CPU
		{0FD26CB9-E4F7-4C12-A3D2-9BA30861346B}.Release|x86.Build.0 = Release|Any CPU
		{8E62C81D-A42C-4BDC-BDA1-B0BAC2EE540C}.Debug|Any CPU.ActiveCfg = Debug|Any CPU
		{8E62C81D-A42C-4BDC-BDA1-B0BAC2EE540C}.Debug|Any CPU.Build.0 = Debug|Any CPU
		{8E62C81D-A42C-4BDC-BDA1-B0BAC2EE540C}.Debug|x64.ActiveCfg = Debug|Any CPU
		{8E62C81D-A42C-4BDC-BDA1-B0BAC2EE540C}.Debug|x64.Build.0 = Debug|Any CPU
		{8E62C81D-A42C-4BDC-BDA1-B0BAC2EE540C}.Debug|x86.ActiveCfg = Debug|Any CPU
		{8E62C81D-A42C-4BDC-BDA1-B0BAC2EE540C}.Debug|x86.Build.0 = Debug|Any CPU
		{8E62C81D-A42C-4BDC-BDA1-B0BAC2EE540C}.Release|Any CPU.ActiveCfg = Release|Any CPU
		{8E62C81D-A42C-4BDC-BDA1-B0BAC2EE540C}.Release|Any CPU.Build.0 = Release|Any CPU
		{8E62C81D-A42C-4BDC-BDA1-B0BAC2EE540C}.Release|x64.ActiveCfg = Release|Any CPU
		{8E62C81D-A42C-4BDC-BDA1-B0BAC2EE540C}.Release|x64.Build.0 = Release|Any CPU
		{8E62C81D-A42C-4BDC-BDA1-B0BAC2EE540C}.Release|x86.ActiveCfg = Release|Any CPU
		{8E62C81D-A42C-4BDC-BDA1-B0BAC2EE540C}.Release|x86.Build.0 = Release|Any CPU
		{607E5DFC-4275-43AA-982C-00EE130B043C}.Debug|Any CPU.ActiveCfg = Debug|Any CPU
		{607E5DFC-4275-43AA-982C-00EE130B043C}.Debug|Any CPU.Build.0 = Debug|Any CPU
		{607E5DFC-4275-43AA-982C-00EE130B043C}.Debug|x64.ActiveCfg = Debug|Any CPU
		{607E5DFC-4275-43AA-982C-00EE130B043C}.Debug|x64.Build.0 = Debug|Any CPU
		{607E5DFC-4275-43AA-982C-00EE130B043C}.Debug|x86.ActiveCfg = Debug|Any CPU
		{607E5DFC-4275-43AA-982C-00EE130B043C}.Debug|x86.Build.0 = Debug|Any CPU
		{607E5DFC-4275-43AA-982C-00EE130B043C}.Release|Any CPU.ActiveCfg = Release|Any CPU
		{607E5DFC-4275-43AA-982C-00EE130B043C}.Release|Any CPU.Build.0 = Release|Any CPU
		{607E5DFC-4275-43AA-982C-00EE130B043C}.Release|x64.ActiveCfg = Release|Any CPU
		{607E5DFC-4275-43AA-982C-00EE130B043C}.Release|x64.Build.0 = Release|Any CPU
		{607E5DFC-4275-43AA-982C-00EE130B043C}.Release|x86.ActiveCfg = Release|Any CPU
		{607E5DFC-4275-43AA-982C-00EE130B043C}.Release|x86.Build.0 = Release|Any CPU
	EndGlobalSection
	GlobalSection(SolutionProperties) = preSolution
		HideSolutionNode = FALSE
	EndGlobalSection
	GlobalSection(ExtensibilityGlobals) = postSolution
		SolutionGuid = {F3245922-7FA4-46D9-AE12-5FCB055E7061}
	EndGlobalSection
EndGlobal
